
Microsoft Visual Studio Solution File, Format Version 12.00
# Visual Studio Version 16
VisualStudioVersion = 16.0.31205.134
MinimumVisualStudioVersion = 10.0.40219.1
Project("{2150E333-8FDC-42A3-9474-1A3956D46DE8}") = "Common", "Common", "{7F3781D2-C01C-44E3-8E99-E8B95189FAA4}"
EndProject
Project("{2150E333-8FDC-42A3-9474-1A3956D46DE8}") = "Services", "Services", "{886BB298-8C9C-4296-9008-D244DC2FFF48}"
EndProject
Project("{9A19103F-16F7-4668-BE54-9A1E7A4F7556}") = "PemmexCommonLibs", "Common\PemmexCommonLibs\PemmexCommonLibs.csproj", "{1DD426DA-844D-4438-BF26-E1F8A9D34AFD}"
EndProject
Project("{9A19103F-16F7-4668-BE54-9A1E7A4F7556}") = "Organization.API", "Services\Organization.API\Organization.API.csproj", "{0A1AE3AE-652A-4A83-9EE4-AA86C8D42A8E}"
EndProject
Project("{E53339B2-1760-4266-BCC7-CA923CBCF16C}") = "docker-compose", "docker-compose.dcproj", "{B1F7F287-2330-43BB-B746-0DE6A24893E4}"
EndProject
Project("{2150E333-8FDC-42A3-9474-1A3956D46DE8}") = "ApiGateWays", "ApiGateWays", "{6081CD78-913C-4161-A3B2-0AB6731552A4}"
EndProject
Project("{9A19103F-16F7-4668-BE54-9A1E7A4F7556}") = "OcelotApiGateWay", "ApiGateWays\OcelotApiGateWay\OcelotApiGateWay.csproj", "{2A2EF550-A3DA-4E71-AD00-B6EEA54630A4}"
EndProject
Project("{9A19103F-16F7-4668-BE54-9A1E7A4F7556}") = "Authentication.API", "Services\Authentication.API\Authentication.API.csproj", "{7463EA08-C274-4472-8BCD-87309D7943AE}"
EndProject
Project("{9A19103F-16F7-4668-BE54-9A1E7A4F7556}") = "EventBus.Messages", "Common\EventBus.Messages\EventBus.Messages.csproj", "{955FBE10-03AD-4310-A282-B620DD085A31}"
EndProject
Project("{2150E333-8FDC-42A3-9474-1A3956D46DE8}") = "PemmexClient", "PemmexClient", "{463F5A23-7E69-401D-84E7-56AAE50B1143}"
EndProject
Project("{9A19103F-16F7-4668-BE54-9A1E7A4F7556}") = "PemmexClient", "PemmexClient\PemmexClient\PemmexClient.csproj", "{B7090895-707B-40E8-A46D-8A731E23FBCA}"
EndProject
Project("{9A19103F-16F7-4668-BE54-9A1E7A4F7556}") = "Holidays.API", "Services\Holidays.API\Holidays.API.csproj", "{9A1B7CCF-6C1F-4565-B94A-9B56422C2E36}"
EndProject
Project("{9A19103F-16F7-4668-BE54-9A1E7A4F7556}") = "TimeTable.API", "Services\TimeTable.API\TimeTable.API.csproj", "{D878E0C2-D37B-4F33-929D-5170DD526284}"
EndProject
Project("{9A19103F-16F7-4668-BE54-9A1E7A4F7556}") = "TaskManager.API", "Services\TaskManager.API\TaskManager.API.csproj", "{38D928F6-88FF-4E9B-83DA-10333A6CE1FF}"
EndProject
Project("{9A19103F-16F7-4668-BE54-9A1E7A4F7556}") = "EmailServices", "Services\EmailService\EmailServices.csproj", "{406B29F7-E4D5-49AF-B793-714CB95A4FC8}"
EndProject
Project("{2150E333-8FDC-42A3-9474-1A3956D46DE8}") = "Tester", "Tester", "{BCEE1C6D-9606-4DEF-BCD1-78AABBE89EB5}"
EndProject
Project("{9A19103F-16F7-4668-BE54-9A1E7A4F7556}") = "PemmexTestingApp", "Tester\PemmexTestingApp\PemmexTestingApp.csproj", "{AF680BD4-96F7-44E7-AFE2-29136B81CEA5}"
EndProject
Project("{9A19103F-16F7-4668-BE54-9A1E7A4F7556}") = "PemmexAPIAggregator", "ApiGateWays\PemmexAPIAggregator\PemmexAPIAggregator.csproj", "{8304ADC9-8210-4FC4-9776-F39244631793}"
EndProject
Project("{9A19103F-16F7-4668-BE54-9A1E7A4F7556}") = "Compensation.API", "Services\Compensation.API\Compensation.API.csproj", "{9EA411E6-4E09-422F-ACFB-4D63FF115E47}"
EndProject
Project("{9A19103F-16F7-4668-BE54-9A1E7A4F7556}") = "Notifications.API", "Services\Notifications.API\Notifications.API.csproj", "{3E965E85-5008-4EB9-BE41-D6FE8B78DC73}"
EndProject
Global
	GlobalSection(SolutionConfigurationPlatforms) = preSolution
		Debug|Any CPU = Debug|Any CPU
		Release|Any CPU = Release|Any CPU
	EndGlobalSection
	GlobalSection(ProjectConfigurationPlatforms) = postSolution
		{1DD426DA-844D-4438-BF26-E1F8A9D34AFD}.Debug|Any CPU.ActiveCfg = Debug|Any CPU
		{1DD426DA-844D-4438-BF26-E1F8A9D34AFD}.Debug|Any CPU.Build.0 = Debug|Any CPU
		{1DD426DA-844D-4438-BF26-E1F8A9D34AFD}.Release|Any CPU.ActiveCfg = Release|Any CPU
		{1DD426DA-844D-4438-BF26-E1F8A9D34AFD}.Release|Any CPU.Build.0 = Release|Any CPU
		{0A1AE3AE-652A-4A83-9EE4-AA86C8D42A8E}.Debug|Any CPU.ActiveCfg = Debug|Any CPU
		{0A1AE3AE-652A-4A83-9EE4-AA86C8D42A8E}.Debug|Any CPU.Build.0 = Debug|Any CPU
		{0A1AE3AE-652A-4A83-9EE4-AA86C8D42A8E}.Release|Any CPU.ActiveCfg = Release|Any CPU
		{0A1AE3AE-652A-4A83-9EE4-AA86C8D42A8E}.Release|Any CPU.Build.0 = Release|Any CPU
		{B1F7F287-2330-43BB-B746-0DE6A24893E4}.Debug|Any CPU.ActiveCfg = Debug|Any CPU
		{B1F7F287-2330-43BB-B746-0DE6A24893E4}.Debug|Any CPU.Build.0 = Debug|Any CPU
		{B1F7F287-2330-43BB-B746-0DE6A24893E4}.Release|Any CPU.ActiveCfg = Release|Any CPU
		{B1F7F287-2330-43BB-B746-0DE6A24893E4}.Release|Any CPU.Build.0 = Release|Any CPU
		{2A2EF550-A3DA-4E71-AD00-B6EEA54630A4}.Debug|Any CPU.ActiveCfg = Debug|Any CPU
		{2A2EF550-A3DA-4E71-AD00-B6EEA54630A4}.Debug|Any CPU.Build.0 = Debug|Any CPU
		{2A2EF550-A3DA-4E71-AD00-B6EEA54630A4}.Release|Any CPU.ActiveCfg = Release|Any CPU
		{2A2EF550-A3DA-4E71-AD00-B6EEA54630A4}.Release|Any CPU.Build.0 = Release|Any CPU
		{7463EA08-C274-4472-8BCD-87309D7943AE}.Debug|Any CPU.ActiveCfg = Debug|Any CPU
		{7463EA08-C274-4472-8BCD-87309D7943AE}.Debug|Any CPU.Build.0 = Debug|Any CPU
		{7463EA08-C274-4472-8BCD-87309D7943AE}.Release|Any CPU.ActiveCfg = Release|Any CPU
		{7463EA08-C274-4472-8BCD-87309D7943AE}.Release|Any CPU.Build.0 = Release|Any CPU
		{955FBE10-03AD-4310-A282-B620DD085A31}.Debug|Any CPU.ActiveCfg = Debug|Any CPU
		{955FBE10-03AD-4310-A282-B620DD085A31}.Debug|Any CPU.Build.0 = Debug|Any CPU
		{955FBE10-03AD-4310-A282-B620DD085A31}.Release|Any CPU.ActiveCfg = Release|Any CPU
		{955FBE10-03AD-4310-A282-B620DD085A31}.Release|Any CPU.Build.0 = Release|Any CPU
		{B7090895-707B-40E8-A46D-8A731E23FBCA}.Debug|Any CPU.ActiveCfg = Debug|Any CPU
		{B7090895-707B-40E8-A46D-8A731E23FBCA}.Debug|Any CPU.Build.0 = Debug|Any CPU
		{B7090895-707B-40E8-A46D-8A731E23FBCA}.Release|Any CPU.ActiveCfg = Release|Any CPU
		{B7090895-707B-40E8-A46D-8A731E23FBCA}.Release|Any CPU.Build.0 = Release|Any CPU
		{9A1B7CCF-6C1F-4565-B94A-9B56422C2E36}.Debug|Any CPU.ActiveCfg = Debug|Any CPU
		{9A1B7CCF-6C1F-4565-B94A-9B56422C2E36}.Debug|Any CPU.Build.0 = Debug|Any CPU
		{9A1B7CCF-6C1F-4565-B94A-9B56422C2E36}.Release|Any CPU.ActiveCfg = Release|Any CPU
		{9A1B7CCF-6C1F-4565-B94A-9B56422C2E36}.Release|Any CPU.Build.0 = Release|Any CPU
		{D878E0C2-D37B-4F33-929D-5170DD526284}.Debug|Any CPU.ActiveCfg = Debug|Any CPU
		{D878E0C2-D37B-4F33-929D-5170DD526284}.Debug|Any CPU.Build.0 = Debug|Any CPU
		{D878E0C2-D37B-4F33-929D-5170DD526284}.Release|Any CPU.ActiveCfg = Release|Any CPU
		{D878E0C2-D37B-4F33-929D-5170DD526284}.Release|Any CPU.Build.0 = Release|Any CPU
		{38D928F6-88FF-4E9B-83DA-10333A6CE1FF}.Debug|Any CPU.ActiveCfg = Debug|Any CPU
		{38D928F6-88FF-4E9B-83DA-10333A6CE1FF}.Debug|Any CPU.Build.0 = Debug|Any CPU
		{38D928F6-88FF-4E9B-83DA-10333A6CE1FF}.Release|Any CPU.ActiveCfg = Release|Any CPU
		{38D928F6-88FF-4E9B-83DA-10333A6CE1FF}.Release|Any CPU.Build.0 = Release|Any CPU
		{406B29F7-E4D5-49AF-B793-714CB95A4FC8}.Debug|Any CPU.ActiveCfg = Debug|Any CPU
		{406B29F7-E4D5-49AF-B793-714CB95A4FC8}.Debug|Any CPU.Build.0 = Debug|Any CPU
		{406B29F7-E4D5-49AF-B793-714CB95A4FC8}.Release|Any CPU.ActiveCfg = Release|Any CPU
		{406B29F7-E4D5-49AF-B793-714CB95A4FC8}.Release|Any CPU.Build.0 = Release|Any CPU
		{AF680BD4-96F7-44E7-AFE2-29136B81CEA5}.Debug|Any CPU.ActiveCfg = Debug|Any CPU
		{AF680BD4-96F7-44E7-AFE2-29136B81CEA5}.Debug|Any CPU.Build.0 = Debug|Any CPU
		{AF680BD4-96F7-44E7-AFE2-29136B81CEA5}.Release|Any CPU.ActiveCfg = Release|Any CPU
		{AF680BD4-96F7-44E7-AFE2-29136B81CEA5}.Release|Any CPU.Build.0 = Release|Any CPU
		{8304ADC9-8210-4FC4-9776-F39244631793}.Debug|Any CPU.ActiveCfg = Debug|Any CPU
		{8304ADC9-8210-4FC4-9776-F39244631793}.Debug|Any CPU.Build.0 = Debug|Any CPU
		{8304ADC9-8210-4FC4-9776-F39244631793}.Release|Any CPU.ActiveCfg = Release|Any CPU
		{8304ADC9-8210-4FC4-9776-F39244631793}.Release|Any CPU.Build.0 = Release|Any CPU
		{9EA411E6-4E09-422F-ACFB-4D63FF115E47}.Debug|Any CPU.ActiveCfg = Debug|Any CPU
		{9EA411E6-4E09-422F-ACFB-4D63FF115E47}.Debug|Any CPU.Build.0 = Debug|Any CPU
		{9EA411E6-4E09-422F-ACFB-4D63FF115E47}.Release|Any CPU.ActiveCfg = Release|Any CPU
		{9EA411E6-4E09-422F-ACFB-4D63FF115E47}.Release|Any CPU.Build.0 = Release|Any CPU
		{3E965E85-5008-4EB9-BE41-D6FE8B78DC73}.Debug|Any CPU.ActiveCfg = Debug|Any CPU
		{3E965E85-5008-4EB9-BE41-D6FE8B78DC73}.Debug|Any CPU.Build.0 = Debug|Any CPU
		{3E965E85-5008-4EB9-BE41-D6FE8B78DC73}.Release|Any CPU.ActiveCfg = Release|Any CPU
		{3E965E85-5008-4EB9-BE41-D6FE8B78DC73}.Release|Any CPU.Build.0 = Release|Any CPU
	EndGlobalSection
	GlobalSection(SolutionProperties) = preSolution
		HideSolutionNode = FALSE
	EndGlobalSection
	GlobalSection(NestedProjects) = preSolution
		{1DD426DA-844D-4438-BF26-E1F8A9D34AFD} = {7F3781D2-C01C-44E3-8E99-E8B95189FAA4}
		{0A1AE3AE-652A-4A83-9EE4-AA86C8D42A8E} = {886BB298-8C9C-4296-9008-D244DC2FFF48}
		{2A2EF550-A3DA-4E71-AD00-B6EEA54630A4} = {6081CD78-913C-4161-A3B2-0AB6731552A4}
		{7463EA08-C274-4472-8BCD-87309D7943AE} = {886BB298-8C9C-4296-9008-D244DC2FFF48}
		{955FBE10-03AD-4310-A282-B620DD085A31} = {7F3781D2-C01C-44E3-8E99-E8B95189FAA4}
		{B7090895-707B-40E8-A46D-8A731E23FBCA} = {463F5A23-7E69-401D-84E7-56AAE50B1143}
		{9A1B7CCF-6C1F-4565-B94A-9B56422C2E36} = {886BB298-8C9C-4296-9008-D244DC2FFF48}
		{D878E0C2-D37B-4F33-929D-5170DD526284} = {886BB298-8C9C-4296-9008-D244DC2FFF48}
		{38D928F6-88FF-4E9B-83DA-10333A6CE1FF} = {886BB298-8C9C-4296-9008-D244DC2FFF48}
		{406B29F7-E4D5-49AF-B793-714CB95A4FC8} = {886BB298-8C9C-4296-9008-D244DC2FFF48}
		{AF680BD4-96F7-44E7-AFE2-29136B81CEA5} = {BCEE1C6D-9606-4DEF-BCD1-78AABBE89EB5}
		{8304ADC9-8210-4FC4-9776-F39244631793} = {6081CD78-913C-4161-A3B2-0AB6731552A4}
		{9EA411E6-4E09-422F-ACFB-4D63FF115E47} = {886BB298-8C9C-4296-9008-D244DC2FFF48}
		{3E965E85-5008-4EB9-BE41-D6FE8B78DC73} = {886BB298-8C9C-4296-9008-D244DC2FFF48}
	EndGlobalSection
	GlobalSection(ExtensibilityGlobals) = postSolution
		SolutionGuid = {717A72FD-41B6-4AD7-A9D6-8DFF393F4FC8}
	EndGlobalSection
EndGlobal
